
Microsoft Visual Studio Solution File, Format Version 12.00
# Visual Studio 14
VisualStudioVersion = 14.0.24720.0
MinimumVisualStudioVersion = 10.0.40219.1
Project("{FAE04EC0-301F-11D3-BF4B-00C04F79EFBC}") = "_1WatchStore", "_1WatchStore\_1WatchStore.csproj", "{8E5E43BB-A341-4DA9-B956-DF93A4EE658F}"
EndProject
Global
	GlobalSection(SolutionConfigurationPlatforms) = preSolution
		Debug|Any CPU = Debug|Any CPU
		Release|Any CPU = Release|Any CPU
	EndGlobalSection
	GlobalSection(ProjectConfigurationPlatforms) = postSolution
		{8E5E43BB-A341-4DA9-B956-DF93A4EE658F}.Debug|Any CPU.ActiveCfg = Debug|Any CPU
		{8E5E43BB-A341-4DA9-B956-DF93A4EE658F}.Debug|Any CPU.Build.0 = Debug|Any CPU
		{8E5E43BB-A341-4DA9-B956-DF93A4EE658F}.Release|Any CPU.ActiveCfg = Release|Any CPU
		{8E5E43BB-A341-4DA9-B956-DF93A4EE658F}.Release|Any CPU.Build.0 = Release|Any CPU
	EndGlobalSection
	GlobalSection(SolutionProperties) = preSolution
		HideSolutionNode = FALSE
	EndGlobalSection
EndGlobal
